
Microsoft Visual Studio Solution File, Format Version 12.00
Project("{FAE04EC0-301F-11D3-BF4B-00C04F79EFBC}") = "ashw_quiz4_dotnet", "ashw_quiz4_dotnet\ashw_quiz4_dotnet.csproj", "{72309B29-177B-41AA-8435-1EF57408E083}"
EndProject
Global
	GlobalSection(SolutionConfigurationPlatforms) = preSolution
		Debug|Any CPU = Debug|Any CPU
		Release|Any CPU = Release|Any CPU
	EndGlobalSection
	GlobalSection(ProjectConfigurationPlatforms) = postSolution
		{72309B29-177B-41AA-8435-1EF57408E083}.Debug|Any CPU.ActiveCfg = Debug|Any CPU
		{72309B29-177B-41AA-8435-1EF57408E083}.Debug|Any CPU.Build.0 = Debug|Any CPU
		{72309B29-177B-41AA-8435-1EF57408E083}.Release|Any CPU.ActiveCfg = Release|Any CPU
		{72309B29-177B-41AA-8435-1EF57408E083}.Release|Any CPU.Build.0 = Release|Any CPU
	EndGlobalSection
EndGlobal
